{
  "name": "landstrider-site_client",
  "version": "1.0.0",
  "lockfileVersion": 2,
  "requires": true,
  "packages": {
    "": {
      "name": "landstrider-site_client",
      "version": "1.0.0",
      "license": "ISC",
      "devDependencies": {
        "prodbuild": "^1.6.2"
      }
    },
    "node_modules/acorn": {
      "version": "8.7.0",
      "resolved": "https://registry.npmjs.org/acorn/-/acorn-8.7.0.tgz",
      "integrity": "sha512-V/LGr1APy+PXIwKebEWrkZPwoeoF+w1jiOBUmuxuiUIaOHtob8Qc9BTrYo7VuI5fR8tqsy+buA2WFooR5olqvQ==",
      "dev": true,
      "bin": {
        "acorn": "bin/acorn"
      },
      "engines": {
        "node": ">=0.4.0"
      }
    },
    "node_modules/buffer-from": {
      "version": "1.1.2",
      "resolved": "https://registry.npmjs.org/buffer-from/-/buffer-from-1.1.2.tgz",
      "integrity": "sha512-E+XQCRwSbaaiChtv6k6Dwgc+bx+Bs6vuKJHHl5kox/BaKbhiXzqQOwK4cO22yElGp2OCmjwVhT3HmxgyPGnJfQ==",
      "dev": true
    },
    "node_modules/commander": {
      "version": "8.3.0",
      "resolved": "https://registry.npmjs.org/commander/-/commander-8.3.0.tgz",
      "integrity": "sha512-OkTL9umf+He2DZkUq8f8J9of7yL6RJKI24dVITBmNfZBmri9zYZQrKkuXiKhyfPSu8tUhnVBB1iKXevvnlR4Ww==",
      "dev": true,
      "engines": {
        "node": ">= 12"
      }
    },
    "node_modules/define-lazy-prop": {
      "version": "2.0.0",
      "resolved": "https://registry.npmjs.org/define-lazy-prop/-/define-lazy-prop-2.0.0.tgz",
      "integrity": "sha512-Ds09qNh8yw3khSjiJjiUInaGX9xlqZDY7JVryGxdxV7NPeuqQfplOpQ66yJFZut3jLa5zOwkXw1g9EI2uKh4Og==",
      "dev": true,
      "engines": {
        "node": ">=8"
      }
    },
    "node_modules/is-docker": {
      "version": "2.2.1",
      "resolved": "https://registry.npmjs.org/is-docker/-/is-docker-2.2.1.tgz",
      "integrity": "sha512-F+i2BKsFrH66iaUFc0woD8sLy8getkwTwtOBjvs56Cx4CgJDeKQeqfz8wAYiSb8JOprWhHH5p77PbmYCvvUuXQ==",
      "dev": true,
      "bin": {
        "is-docker": "cli.js"
      },
      "engines": {
        "node": ">=8"
      },
      "funding": {
        "url": "https://github.com/sponsors/sindresorhus"
      }
    },
    "node_modules/is-wsl": {
      "version": "2.2.0",
      "resolved": "https://registry.npmjs.org/is-wsl/-/is-wsl-2.2.0.tgz",
      "integrity": "sha512-fKzAra0rGJUUBwGBgNkHZuToZcn+TtXHpeCgmkMJMMYx1sQDYaCSyjJBSCa2nH1DGm7s3n1oBnohoVTBaN7Lww==",
      "dev": true,
      "dependencies": {
        "is-docker": "^2.0.0"
      },
      "engines": {
        "node": ">=8"
      }
    },
    "node_modules/open": {
      "version": "8.4.0",
      "resolved": "https://registry.npmjs.org/open/-/open-8.4.0.tgz",
      "integrity": "sha512-XgFPPM+B28FtCCgSb9I+s9szOC1vZRSwgWsRUA5ylIxRTgKozqjOCrVOqGsYABPYK5qnfqClxZTFBa8PKt2v6Q==",
      "dev": true,
      "dependencies": {
        "define-lazy-prop": "^2.0.0",
        "is-docker": "^2.1.1",
        "is-wsl": "^2.2.0"
      },
      "engines": {
        "node": ">=12"
      },
      "funding": {
        "url": "https://github.com/sponsors/sindresorhus"
      }
    },
    "node_modules/prodbuild": {
      "version": "1.6.2",
      "resolved": "https://registry.npmjs.org/prodbuild/-/prodbuild-1.6.2.tgz",
      "integrity": "sha512-Tpy2G5vXh+3LP0U2HFDZ8G7nbGehm/IDG/4/gVcR7IDfkhhvGMt9zJ21Q4A9OsB/JAtrSwySlyn/THl7DR29+g==",
      "dev": true,
      "dependencies": {
        "commander": "^8.3.0",
        "open": "^8.4.0",
        "terser": "^5.10.0",
        "typescript": "^4.5.5"
      },
      "bin": {
        "prodbuild": "bin/index.js"
      }
    },
    "node_modules/source-map": {
      "version": "0.7.3",
      "resolved": "https://registry.npmjs.org/source-map/-/source-map-0.7.3.tgz",
      "integrity": "sha512-CkCj6giN3S+n9qrYiBTX5gystlENnRW5jZeNLHpe6aue+SrHcG5VYwujhW9s4dY31mEGsxBDrHR6oI69fTXsaQ==",
      "dev": true,
      "engines": {
        "node": ">= 8"
      }
    },
    "node_modules/source-map-support": {
      "version": "0.5.21",
      "resolved": "https://registry.npmjs.org/source-map-support/-/source-map-support-0.5.21.tgz",
      "integrity": "sha512-uBHU3L3czsIyYXKX88fdrGovxdSCoTGDRZ6SYXtSRxLZUzHg5P/66Ht6uoUlHu9EZod+inXhKo3qQgwXUT/y1w==",
      "dev": true,
      "dependencies": {
        "buffer-from": "^1.0.0",
        "source-map": "^0.6.0"
      }
    },
    "node_modules/source-map-support/node_modules/source-map": {
      "version": "0.6.1",
      "resolved": "https://registry.npmjs.org/source-map/-/source-map-0.6.1.tgz",
      "integrity": "sha512-UjgapumWlbMhkBgzT7Ykc5YXUT46F0iKu8SGXq0bcwP5dz/h0Plj6enJqjz1Zbq2l5WaqYnrVbwWOWMyF3F47g==",
      "dev": true,
      "engines": {
        "node": ">=0.10.0"
      }
    },
    "node_modules/terser": {
      "version": "5.12.1",
      "resolved": "https://registry.npmjs.org/terser/-/terser-5.12.1.tgz",
      "integrity": "sha512-NXbs+7nisos5E+yXwAD+y7zrcTkMqb0dEJxIGtSKPdCBzopf7ni4odPul2aechpV7EXNvOudYOX2bb5tln1jbQ==",
      "dev": true,
      "dependencies": {
        "acorn": "^8.5.0",
        "commander": "^2.20.0",
        "source-map": "~0.7.2",
        "source-map-support": "~0.5.20"
      },
      "bin": {
        "terser": "bin/terser"
      },
      "engines": {
        "node": ">=10"
      }
    },
    "node_modules/terser/node_modules/commander": {
      "version": "2.20.3",
      "resolved": "https://registry.npmjs.org/commander/-/commander-2.20.3.tgz",
      "integrity": "sha512-GpVkmM8vF2vQUkj2LvZmD35JxeJOLCwJ9cUkugyk2nuhbv3+mJvpLYYt+0+USMxE+oj+ey/lJEnhZw75x/OMcQ==",
      "dev": true
    },
    "node_modules/typescript": {
      "version": "4.6.3",
      "resolved": "https://registry.npmjs.org/typescript/-/typescript-4.6.3.tgz",
      "integrity": "sha512-yNIatDa5iaofVozS/uQJEl3JRWLKKGJKh6Yaiv0GLGSuhpFJe7P3SbHZ8/yjAHRQwKRoA6YZqlfjXWmVzoVSMw==",
      "dev": true,
      "bin": {
        "tsc": "bin/tsc",
        "tsserver": "bin/tsserver"
      },
      "engines": {
        "node": ">=4.2.0"
      }
    }
  },
  "dependencies": {
    "acorn": {
      "version": "8.7.0",
      "resolved": "https://registry.npmjs.org/acorn/-/acorn-8.7.0.tgz",
      "integrity": "sha512-V/LGr1APy+PXIwKebEWrkZPwoeoF+w1jiOBUmuxuiUIaOHtob8Qc9BTrYo7VuI5fR8tqsy+buA2WFooR5olqvQ==",
      "dev": true
    },
    "buffer-from": {
      "version": "1.1.2",
      "resolved": "https://registry.npmjs.org/buffer-from/-/buffer-from-1.1.2.tgz",
      "integrity": "sha512-E+XQCRwSbaaiChtv6k6Dwgc+bx+Bs6vuKJHHl5kox/BaKbhiXzqQOwK4cO22yElGp2OCmjwVhT3HmxgyPGnJfQ==",
      "dev": true
    },
    "commander": {
      "version": "8.3.0",
      "resolved": "https://registry.npmjs.org/commander/-/commander-8.3.0.tgz",
      "integrity": "sha512-OkTL9umf+He2DZkUq8f8J9of7yL6RJKI24dVITBmNfZBmri9zYZQrKkuXiKhyfPSu8tUhnVBB1iKXevvnlR4Ww==",
      "dev": true
    },
    "define-lazy-prop": {
      "version": "2.0.0",
      "resolved": "https://registry.npmjs.org/define-lazy-prop/-/define-lazy-prop-2.0.0.tgz",
      "integrity": "sha512-Ds09qNh8yw3khSjiJjiUInaGX9xlqZDY7JVryGxdxV7NPeuqQfplOpQ66yJFZut3jLa5zOwkXw1g9EI2uKh4Og==",
      "dev": true
    },
    "is-docker": {
      "version": "2.2.1",
      "resolved": "https://registry.npmjs.org/is-docker/-/is-docker-2.2.1.tgz",
      "integrity": "sha512-F+i2BKsFrH66iaUFc0woD8sLy8getkwTwtOBjvs56Cx4CgJDeKQeqfz8wAYiSb8JOprWhHH5p77PbmYCvvUuXQ==",
      "dev": true
    },
    "is-wsl": {
      "version": "2.2.0",
      "resolved": "https://registry.npmjs.org/is-wsl/-/is-wsl-2.2.0.tgz",
      "integrity": "sha512-fKzAra0rGJUUBwGBgNkHZuToZcn+TtXHpeCgmkMJMMYx1sQDYaCSyjJBSCa2nH1DGm7s3n1oBnohoVTBaN7Lww==",
      "dev": true,
      "requires": {
        "is-docker": "^2.0.0"
      }
    },
    "open": {
      "version": "8.4.0",
      "resolved": "https://registry.npmjs.org/open/-/open-8.4.0.tgz",
      "integrity": "sha512-XgFPPM+B28FtCCgSb9I+s9szOC1vZRSwgWsRUA5ylIxRTgKozqjOCrVOqGsYABPYK5qnfqClxZTFBa8PKt2v6Q==",
      "dev": true,
      "requires": {
        "define-lazy-prop": "^2.0.0",
        "is-docker": "^2.1.1",
        "is-wsl": "^2.2.0"
      }
    },
    "prodbuild": {
      "version": "1.6.2",
      "resolved": "https://registry.npmjs.org/prodbuild/-/prodbuild-1.6.2.tgz",
      "integrity": "sha512-Tpy2G5vXh+3LP0U2HFDZ8G7nbGehm/IDG/4/gVcR7IDfkhhvGMt9zJ21Q4A9OsB/JAtrSwySlyn/THl7DR29+g==",
      "dev": true,
      "requires": {
        "commander": "^8.3.0",
        "open": "^8.4.0",
        "terser": "^5.10.0",
        "typescript": "^4.5.5"
      }
    },
    "source-map": {
      "version": "0.7.3",
      "resolved": "https://registry.npmjs.org/source-map/-/source-map-0.7.3.tgz",
      "integrity": "sha512-CkCj6giN3S+n9qrYiBTX5gystlENnRW5jZeNLHpe6aue+SrHcG5VYwujhW9s4dY31mEGsxBDrHR6oI69fTXsaQ==",
      "dev": true
    },
    "source-map-support": {
      "version": "0.5.21",
      "resolved": "https://registry.npmjs.org/source-map-support/-/source-map-support-0.5.21.tgz",
      "integrity": "sha512-uBHU3L3czsIyYXKX88fdrGovxdSCoTGDRZ6SYXtSRxLZUzHg5P/66Ht6uoUlHu9EZod+inXhKo3qQgwXUT/y1w==",
      "dev": true,
      "requires": {
        "buffer-from": "^1.0.0",
        "source-map": "^0.6.0"
      },
      "dependencies": {
        "source-map": {
          "version": "0.6.1",
          "resolved": "https://registry.npmjs.org/source-map/-/source-map-0.6.1.tgz",
          "integrity": "sha512-UjgapumWlbMhkBgzT7Ykc5YXUT46F0iKu8SGXq0bcwP5dz/h0Plj6enJqjz1Zbq2l5WaqYnrVbwWOWMyF3F47g==",
          "dev": true
        }
      }
    },
    "terser": {
      "version": "5.12.1",
      "resolved": "https://registry.npmjs.org/terser/-/terser-5.12.1.tgz",
      "integrity": "sha512-NXbs+7nisos5E+yXwAD+y7zrcTkMqb0dEJxIGtSKPdCBzopf7ni4odPul2aechpV7EXNvOudYOX2bb5tln1jbQ==",
      "dev": true,
      "requires": {
        "acorn": "^8.5.0",
        "commander": "^2.20.0",
        "source-map": "~0.7.2",
        "source-map-support": "~0.5.20"
      },
      "dependencies": {
        "commander": {
          "version": "2.20.3",
          "resolved": "https://registry.npmjs.org/commander/-/commander-2.20.3.tgz",
          "integrity": "sha512-GpVkmM8vF2vQUkj2LvZmD35JxeJOLCwJ9cUkugyk2nuhbv3+mJvpLYYt+0+USMxE+oj+ey/lJEnhZw75x/OMcQ==",
          "dev": true
        }
      }
    },
    "typescript": {
      "version": "4.6.3",
      "resolved": "https://registry.npmjs.org/typescript/-/typescript-4.6.3.tgz",
      "integrity": "sha512-yNIatDa5iaofVozS/uQJEl3JRWLKKGJKh6Yaiv0GLGSuhpFJe7P3SbHZ8/yjAHRQwKRoA6YZqlfjXWmVzoVSMw==",
      "dev": true
    }
  }
}
